
Microsoft Visual Studio Solution File, Format Version 12.00
# Visual Studio Version 17
VisualStudioVersion = 17.1.32328.378
MinimumVisualStudioVersion = 10.0.40219.1
Project("{9A19103F-16F7-4668-BE54-9A1E7A4F7556}") = "AjutorNevoiasiSportivi2", "AjutorNevoiasiSportivi2\AjutorNevoiasiSportivi2.csproj", "{886C47A5-1D75-4DE9-B8E5-FAA1BBC6F5CA}"
EndProject
Global
	GlobalSection(SolutionConfigurationPlatforms) = preSolution
		Debug|Any CPU = Debug|Any CPU
		Release|Any CPU = Release|Any CPU
	EndGlobalSection
	GlobalSection(ProjectConfigurationPlatforms) = postSolution
		{886C47A5-1D75-4DE9-B8E5-FAA1BBC6F5CA}.Debug|Any CPU.ActiveCfg = Debug|Any CPU
		{886C47A5-1D75-4DE9-B8E5-FAA1BBC6F5CA}.Debug|Any CPU.Build.0 = Debug|Any CPU
		{886C47A5-1D75-4DE9-B8E5-FAA1BBC6F5CA}.Release|Any CPU.ActiveCfg = Release|Any CPU
		{886C47A5-1D75-4DE9-B8E5-FAA1BBC6F5CA}.Release|Any CPU.Build.0 = Release|Any CPU
	EndGlobalSection
	GlobalSection(SolutionProperties) = preSolution
		HideSolutionNode = FALSE
	EndGlobalSection
	GlobalSection(ExtensibilityGlobals) = postSolution
		SolutionGuid = {D1E002AB-B3FB-4AEF-ACAD-55B56AA6F41B}
	EndGlobalSection
EndGlobal
